
Microsoft Visual Studio Solution File, Format Version 12.00
# Visual Studio Version 17
VisualStudioVersion = 17.14.36414.22 d17.14
MinimumVisualStudioVersion = 10.0.40219.1
Project("{FAE04EC0-301F-11D3-BF4B-00C04F79EFBC}") = "karakterterstenyazdirma", "karakterterstenyazdirma\karakterterstenyazdirma.csproj", "{C69BB773-BB8A-4484-9C5F-C593AAD74512}"
EndProject
Global
	GlobalSection(SolutionConfigurationPlatforms) = preSolution
		Debug|Any CPU = Debug|Any CPU
		Release|Any CPU = Release|Any CPU
	EndGlobalSection
	GlobalSection(ProjectConfigurationPlatforms) = postSolution
		{C69BB773-BB8A-4484-9C5F-C593AAD74512}.Debug|Any CPU.ActiveCfg = Debug|Any CPU
		{C69BB773-BB8A-4484-9C5F-C593AAD74512}.Debug|Any CPU.Build.0 = Debug|Any CPU
		{C69BB773-BB8A-4484-9C5F-C593AAD74512}.Release|Any CPU.ActiveCfg = Release|Any CPU
		{C69BB773-BB8A-4484-9C5F-C593AAD74512}.Release|Any CPU.Build.0 = Release|Any CPU
	EndGlobalSection
	GlobalSection(SolutionProperties) = preSolution
		HideSolutionNode = FALSE
	EndGlobalSection
	GlobalSection(ExtensibilityGlobals) = postSolution
		SolutionGuid = {C5060515-3621-4048-9318-BB0CE5CFE3AB}
	EndGlobalSection
EndGlobal
